<?xml version="1.0" encoding="utf-8"?>
<Project ToolsVersion="4.0" xmlns="http://schemas.microsoft.com/developer/msbuild/2003">
  <ItemGroup>
    <Filter Include="Source Files">
      <UniqueIdentifier>{4FC737F1-C7A5-4376-A066-2A32D752A2FF}</UniqueIdentifier>
      <Extensions>cpp;c;cc;cxx;def;odl;idl;hpj;bat;asm;asmx</Extensions>
    </Filter>
    <Filter Include="Header Files">
      <UniqueIdentifier>{93995380-89BD-4b04-88EB-625FBE52EBFB}</UniqueIdentifier>
      <Extensions>h;hh;hpp;hxx;hm;inl;inc;xsd</Extensions>
    </Filter>
    <Filter Include="Resource Files">
      <UniqueIdentifier>{67DA6AB6-F800-4c08-8B7A-83BB121AAD01}</UniqueIdentifier>
      <Extensions>rc;ico;cur;bmp;dlg;rc2;rct;bin;rgs;gif;jpg;jpeg;jpe;resx;tiff;tif;png;wav;mfcribbon-ms</Extensions>
    </Filter>
  </ItemGroup>
  <ItemGroup>
    <Text Include="ReadMe.txt" />
  </ItemGroup>
  <ItemGroup>
    <ClCompile Include="source\AoSSim.cpp">
      <Filter>Source Files</Filter>
    </ClCompile>
    <ClCompile Include="source\Battle.cpp">
      <Filter>Source Files</Filter>
    </ClCompile>
    <ClCompile Include="source\DataWriter.cpp">
      <Filter>Source Files</Filter>
    </ClCompile>
    <ClCompile Include="source\Die.cpp">
      <Filter>Source Files</Filter>
    </ClCompile>
    <ClCompile Include="source\Encyclopedia.cpp">
      <Filter>Source Files</Filter>
    </ClCompile>
    <ClCompile Include="source\FactionData.cpp">
      <Filter>Source Files</Filter>
    </ClCompile>
    <ClCompile Include="source\FactionTable.cpp">
      <Filter>Source Files</Filter>
    </ClCompile>
    <ClCompile Include="source\GameEntity.cpp">
      <Filter>Source Files</Filter>
    </ClCompile>
    <ClCompile Include="source\stdafx.cpp">
      <Filter>Source Files</Filter>
    </ClCompile>
    <ClCompile Include="source\Unit.cpp">
      <Filter>Source Files</Filter>
    </ClCompile>
  </ItemGroup>
  <ItemGroup>
    <ClInclude Include="include\AoSSim.h">
      <Filter>Header Files</Filter>
    </ClInclude>
    <ClInclude Include="include\Battle.h">
      <Filter>Header Files</Filter>
    </ClInclude>
    <ClInclude Include="include\CombatData.h">
      <Filter>Header Files</Filter>
    </ClInclude>
    <ClInclude Include="include\DataWriter.h">
      <Filter>Header Files</Filter>
    </ClInclude>
    <ClInclude Include="include\Die.h">
      <Filter>Header Files</Filter>
    </ClInclude>
    <ClInclude Include="include\Encyclopedia.h">
      <Filter>Header Files</Filter>
    </ClInclude>
    <ClInclude Include="include\FactionData.h">
      <Filter>Header Files</Filter>
    </ClInclude>
    <ClInclude Include="include\FactionTable.h">
      <Filter>Header Files</Filter>
    </ClInclude>
    <ClInclude Include="include\GameEntity.h">
      <Filter>Header Files</Filter>
    </ClInclude>
    <ClInclude Include="include\MenuOptions.h">
      <Filter>Header Files</Filter>
    </ClInclude>
    <ClInclude Include="include\stdafx.h">
      <Filter>Header Files</Filter>
    </ClInclude>
    <ClInclude Include="include\targetver.h">
      <Filter>Header Files</Filter>
    </ClInclude>
    <ClInclude Include="include\Unit.h">
      <Filter>Header Files</Filter>
    </ClInclude>
    <ClInclude Include="include\types\ActionTypes.h">
      <Filter>Header Files</Filter>
    </ClInclude>
    <ClInclude Include="include\types\ProfileTypes.h">
      <Filter>Header Files</Filter>
    </ClInclude>
  </ItemGroup>
</Project>